
Microsoft Visual Studio Solution File, Format Version 12.00
# Visual Studio Version 16
VisualStudioVersion = 16.0.33529.622
MinimumVisualStudioVersion = 10.0.40219.1
Project("{FAE04EC0-301F-11D3-BF4B-00C04F79EFBC}") = "NHNT_G08", "NHNT_G08\NHNT_G08.csproj", "{74F67EDA-6574-49F5-B56F-24841C2032D0}"
EndProject
Global
	GlobalSection(SolutionConfigurationPlatforms) = preSolution
		Debug|Any CPU = Debug|Any CPU
		Release|Any CPU = Release|Any CPU
	EndGlobalSection
	GlobalSection(ProjectConfigurationPlatforms) = postSolution
		{74F67EDA-6574-49F5-B56F-24841C2032D0}.Debug|Any CPU.ActiveCfg = Debug|Any CPU
		{74F67EDA-6574-49F5-B56F-24841C2032D0}.Debug|Any CPU.Build.0 = Debug|Any CPU
		{74F67EDA-6574-49F5-B56F-24841C2032D0}.Release|Any CPU.ActiveCfg = Release|Any CPU
		{74F67EDA-6574-49F5-B56F-24841C2032D0}.Release|Any CPU.Build.0 = Release|Any CPU
	EndGlobalSection
	GlobalSection(SolutionProperties) = preSolution
		HideSolutionNode = FALSE
	EndGlobalSection
	GlobalSection(ExtensibilityGlobals) = postSolution
		SolutionGuid = {3A9551B3-4402-453D-95F5-874F87F03938}
	EndGlobalSection
EndGlobal
